// !$*UTF8*$!
{
	archiveVersion = 1;
	classes = {
	};
	objectVersion = 50;
	objects = {

/* Begin PBXBuildFile section */
		B9052404215BFED00047AAF6 /* AppDelegate.swift in Sources */ = {isa = PBXBuildFile; fileRef = B9052403215BFED00047AAF6 /* AppDelegate.swift */; };
		B9052409215BFED00047AAF6 /* Main.storyboard in Resources */ = {isa = PBXBuildFile; fileRef = B9052407215BFED00047AAF6 /* Main.storyboard */; };
		B905240B215BFED10047AAF6 /* Assets.xcassets in Resources */ = {isa = PBXBuildFile; fileRef = B905240A215BFED10047AAF6 /* Assets.xcassets */; };
		B905240E215BFED10047AAF6 /* LaunchScreen.storyboard in Resources */ = {isa = PBXBuildFile; fileRef = B905240C215BFED10047AAF6 /* LaunchScreen.storyboard */; };
		B9052424215C00550047AAF6 /* FlickrDataProviderTests.swift in Sources */ = {isa = PBXBuildFile; fileRef = B9052423215C00550047AAF6 /* FlickrDataProviderTests.swift */; };
		B905242A215C01BB0047AAF6 /* DataProvider.swift in Sources */ = {isa = PBXBuildFile; fileRef = B9052429215C01BB0047AAF6 /* DataProvider.swift */; };
		B905242F215C029D0047AAF6 /* Constants.swift in Sources */ = {isa = PBXBuildFile; fileRef = B905242E215C029D0047AAF6 /* Constants.swift */; };
		B9052431215C065C0047AAF6 /* Constants.swift in Sources */ = {isa = PBXBuildFile; fileRef = B905242E215C029D0047AAF6 /* Constants.swift */; };
		B9052432215C065F0047AAF6 /* DataProvider.swift in Sources */ = {isa = PBXBuildFile; fileRef = B9052429215C01BB0047AAF6 /* DataProvider.swift */; };
		B9052434215C0B430047AAF6 /* InternetDataProvider.swift in Sources */ = {isa = PBXBuildFile; fileRef = B9052433215C0B430047AAF6 /* InternetDataProvider.swift */; };
		B9052435215C0DD30047AAF6 /* InternetDataProvider.swift in Sources */ = {isa = PBXBuildFile; fileRef = B9052433215C0B430047AAF6 /* InternetDataProvider.swift */; };
		B9052438215C121F0047AAF6 /* URLChangeable.swift in Sources */ = {isa = PBXBuildFile; fileRef = B9052437215C121F0047AAF6 /* URLChangeable.swift */; };
		B905243A215C29C80047AAF6 /* URLChangeable.swift in Sources */ = {isa = PBXBuildFile; fileRef = B9052437215C121F0047AAF6 /* URLChangeable.swift */; };
		B905243C215C2FEE0047AAF6 /* URLChangeableTests.swift in Sources */ = {isa = PBXBuildFile; fileRef = B905243B215C2FEE0047AAF6 /* URLChangeableTests.swift */; };
		B905243E215CD10E0047AAF6 /* FlickrFeed.swift in Sources */ = {isa = PBXBuildFile; fileRef = B905243D215CD10E0047AAF6 /* FlickrFeed.swift */; };
		B9052442215CD7D10047AAF6 /* FlickrFeedJsonDecodeTests.swift in Sources */ = {isa = PBXBuildFile; fileRef = B9052441215CD7D10047AAF6 /* FlickrFeedJsonDecodeTests.swift */; };
		B9052443215CD9740047AAF6 /* FlickrFeed.swift in Sources */ = {isa = PBXBuildFile; fileRef = B905243D215CD10E0047AAF6 /* FlickrFeed.swift */; };
		B9052445215CFEBC0047AAF6 /* MainViewController.swift in Sources */ = {isa = PBXBuildFile; fileRef = B9052444215CFEBC0047AAF6 /* MainViewController.swift */; };
		B9052447215CFEC90047AAF6 /* MainViewModel.swift in Sources */ = {isa = PBXBuildFile; fileRef = B9052446215CFEC90047AAF6 /* MainViewModel.swift */; };
		B9052449215CFEF00047AAF6 /* Item.swift in Sources */ = {isa = PBXBuildFile; fileRef = B9052448215CFEF00047AAF6 /* Item.swift */; };
		B905244F215D077A0047AAF6 /* ItemCell.swift in Sources */ = {isa = PBXBuildFile; fileRef = B905244E215D077A0047AAF6 /* ItemCell.swift */; };
		B9052451215D0B520047AAF6 /* UIImageHelper.swift in Sources */ = {isa = PBXBuildFile; fileRef = B9052450215D0B520047AAF6 /* UIImageHelper.swift */; };
		B9052457215D14F10047AAF6 /* MockData.json in Resources */ = {isa = PBXBuildFile; fileRef = B9052456215D14F10047AAF6 /* MockData.json */; };
		B9052459215D15C10047AAF6 /* MainViewModelTests.swift in Sources */ = {isa = PBXBuildFile; fileRef = B9052458215D15C10047AAF6 /* MainViewModelTests.swift */; };
		B905245A215D15E90047AAF6 /* MainViewModel.swift in Sources */ = {isa = PBXBuildFile; fileRef = B9052446215CFEC90047AAF6 /* MainViewModel.swift */; };
		B905245B215D16F00047AAF6 /* Item.swift in Sources */ = {isa = PBXBuildFile; fileRef = B9052448215CFEF00047AAF6 /* Item.swift */; };
		B905245C215D184F0047AAF6 /* MockData.json in Resources */ = {isa = PBXBuildFile; fileRef = B9052456215D14F10047AAF6 /* MockData.json */; };
/* End PBXBuildFile section */

/* Begin PBXContainerItemProxy section */
		B9052415215BFED20047AAF6 /* PBXContainerItemProxy */ = {
			isa = PBXContainerItemProxy;
			containerPortal = B90523F8215BFED00047AAF6 /* Project object */;
			proxyType = 1;
			remoteGlobalIDString = B90523FF215BFED00047AAF6;
			remoteInfo = FlickrExample;
		};
/* End PBXContainerItemProxy section */

/* Begin PBXFileReference section */
		B9052400215BFED00047AAF6 /* FlickrExample.app */ = {isa = PBXFileReference; explicitFileType = wrapper.application; includeInIndex = 0; path = FlickrExample.app; sourceTree = BUILT_PRODUCTS_DIR; };
		B9052403215BFED00047AAF6 /* AppDelegate.swift */ = {isa = PBXFileReference; lastKnownFileType = sourcecode.swift; path = AppDelegate.swift; sourceTree = "<group>"; };
		B9052408215BFED00047AAF6 /* Base */ = {isa = PBXFileReference; lastKnownFileType = file.storyboard; name = Base; path = Base.lproj/Main.storyboard; sourceTree = "<group>"; };
		B905240A215BFED10047AAF6 /* Assets.xcassets */ = {isa = PBXFileReference; lastKnownFileType = folder.assetcatalog; path = Assets.xcassets; sourceTree = "<group>"; };
		B905240D215BFED10047AAF6 /* Base */ = {isa = PBXFileReference; lastKnownFileType = file.storyboard; name = Base; path = Base.lproj/LaunchScreen.storyboard; sourceTree = "<group>"; };
		B905240F215BFED10047AAF6 /* Info.plist */ = {isa = PBXFileReference; lastKnownFileType = text.plist.xml; path = Info.plist; sourceTree = "<group>"; };
		B9052414215BFED20047AAF6 /* FlickrExampleTests.xctest */ = {isa = PBXFileReference; explicitFileType = wrapper.cfbundle; includeInIndex = 0; path = FlickrExampleTests.xctest; sourceTree = BUILT_PRODUCTS_DIR; };
		B905241A215BFED20047AAF6 /* Info.plist */ = {isa = PBXFileReference; lastKnownFileType = text.plist.xml; path = Info.plist; sourceTree = "<group>"; };
		B9052423215C00550047AAF6 /* FlickrDataProviderTests.swift */ = {isa = PBXFileReference; lastKnownFileType = sourcecode.swift; path = FlickrDataProviderTests.swift; sourceTree = "<group>"; };
		B9052429215C01BB0047AAF6 /* DataProvider.swift */ = {isa = PBXFileReference; lastKnownFileType = sourcecode.swift; path = DataProvider.swift; sourceTree = "<group>"; };
		B905242E215C029D0047AAF6 /* Constants.swift */ = {isa = PBXFileReference; lastKnownFileType = sourcecode.swift; path = Constants.swift; sourceTree = "<group>"; };
		B9052433215C0B430047AAF6 /* InternetDataProvider.swift */ = {isa = PBXFileReference; lastKnownFileType = sourcecode.swift; path = InternetDataProvider.swift; sourceTree = "<group>"; };
		B9052437215C121F0047AAF6 /* URLChangeable.swift */ = {isa = PBXFileReference; lastKnownFileType = sourcecode.swift; path = URLChangeable.swift; sourceTree = "<group>"; };
		B905243B215C2FEE0047AAF6 /* URLChangeableTests.swift */ = {isa = PBXFileReference; lastKnownFileType = sourcecode.swift; path = URLChangeableTests.swift; sourceTree = "<group>"; };
		B905243D215CD10E0047AAF6 /* FlickrFeed.swift */ = {isa = PBXFileReference; lastKnownFileType = sourcecode.swift; path = FlickrFeed.swift; sourceTree = "<group>"; };
		B9052441215CD7D10047AAF6 /* FlickrFeedJsonDecodeTests.swift */ = {isa = PBXFileReference; lastKnownFileType = sourcecode.swift; path = FlickrFeedJsonDecodeTests.swift; sourceTree = "<group>"; };
		B9052444215CFEBC0047AAF6 /* MainViewController.swift */ = {isa = PBXFileReference; lastKnownFileType = sourcecode.swift; path = MainViewController.swift; sourceTree = "<group>"; };
		B9052446215CFEC90047AAF6 /* MainViewModel.swift */ = {isa = PBXFileReference; lastKnownFileType = sourcecode.swift; path = MainViewModel.swift; sourceTree = "<group>"; };
		B9052448215CFEF00047AAF6 /* Item.swift */ = {isa = PBXFileReference; lastKnownFileType = sourcecode.swift; path = Item.swift; sourceTree = "<group>"; };
		B905244E215D077A0047AAF6 /* ItemCell.swift */ = {isa = PBXFileReference; lastKnownFileType = sourcecode.swift; path = ItemCell.swift; sourceTree = "<group>"; };
		B9052450215D0B520047AAF6 /* UIImageHelper.swift */ = {isa = PBXFileReference; lastKnownFileType = sourcecode.swift; path = UIImageHelper.swift; sourceTree = "<group>"; };
		B9052456215D14F10047AAF6 /* MockData.json */ = {isa = PBXFileReference; lastKnownFileType = text.json; path = MockData.json; sourceTree = "<group>"; };
		B9052458215D15C10047AAF6 /* MainViewModelTests.swift */ = {isa = PBXFileReference; lastKnownFileType = sourcecode.swift; path = MainViewModelTests.swift; sourceTree = "<group>"; };
/* End PBXFileReference section */

/* Begin PBXFrameworksBuildPhase section */
		B90523FD215BFED00047AAF6 /* Frameworks */ = {
			isa = PBXFrameworksBuildPhase;
			buildActionMask = 2147483647;
			files = (
			);
			runOnlyForDeploymentPostprocessing = 0;
		};
		B9052411215BFED20047AAF6 /* Frameworks */ = {
			isa = PBXFrameworksBuildPhase;
			buildActionMask = 2147483647;
			files = (
			);
			runOnlyForDeploymentPostprocessing = 0;
		};
/* End PBXFrameworksBuildPhase section */

/* Begin PBXGroup section */
		B90523F7215BFED00047AAF6 = {
			isa = PBXGroup;
			children = (
				B9052402215BFED00047AAF6 /* FlickrExample */,
				B9052417215BFED20047AAF6 /* FlickrExampleTests */,
				B9052401215BFED00047AAF6 /* Products */,
			);
			sourceTree = "<group>";
		};
		B9052401215BFED00047AAF6 /* Products */ = {
			isa = PBXGroup;
			children = (
				B9052400215BFED00047AAF6 /* FlickrExample.app */,
				B9052414215BFED20047AAF6 /* FlickrExampleTests.xctest */,
			);
			name = Products;
			sourceTree = "<group>";
		};
		B9052402215BFED00047AAF6 /* FlickrExample */ = {
			isa = PBXGroup;
			children = (
				B9052428215C01340047AAF6 /* Views */,
				B9052427215C012B0047AAF6 /* ViewModels */,
				B9052426215C010C0047AAF6 /* Models */,
				B905242B215C025C0047AAF6 /* Helpers */,
				B9052425215C00FC0047AAF6 /* Protocols */,
				B9052403215BFED00047AAF6 /* AppDelegate.swift */,
				B905240A215BFED10047AAF6 /* Assets.xcassets */,
				B905240C215BFED10047AAF6 /* LaunchScreen.storyboard */,
				B905240F215BFED10047AAF6 /* Info.plist */,
				B9052456215D14F10047AAF6 /* MockData.json */,
			);
			path = FlickrExample;
			sourceTree = "<group>";
		};
		B9052417215BFED20047AAF6 /* FlickrExampleTests */ = {
			isa = PBXGroup;
			children = (
				B905241A215BFED20047AAF6 /* Info.plist */,
				B9052423215C00550047AAF6 /* FlickrDataProviderTests.swift */,
				B905243B215C2FEE0047AAF6 /* URLChangeableTests.swift */,
				B9052441215CD7D10047AAF6 /* FlickrFeedJsonDecodeTests.swift */,
				B9052458215D15C10047AAF6 /* MainViewModelTests.swift */,
			);
			path = FlickrExampleTests;
			sourceTree = "<group>";
		};
		B9052425215C00FC0047AAF6 /* Protocols */ = {
			isa = PBXGroup;
			children = (
				B9052429215C01BB0047AAF6 /* DataProvider.swift */,
				B9052437215C121F0047AAF6 /* URLChangeable.swift */,
				B9052448215CFEF00047AAF6 /* Item.swift */,
			);
			path = Protocols;
			sourceTree = "<group>";
		};
		B9052426215C010C0047AAF6 /* Models */ = {
			isa = PBXGroup;
			children = (
				B905243D215CD10E0047AAF6 /* FlickrFeed.swift */,
			);
			path = Models;
			sourceTree = "<group>";
		};
		B9052427215C012B0047AAF6 /* ViewModels */ = {
			isa = PBXGroup;
			children = (
				B9052446215CFEC90047AAF6 /* MainViewModel.swift */,
			);
			path = ViewModels;
			sourceTree = "<group>";
		};
		B9052428215C01340047AAF6 /* Views */ = {
			isa = PBXGroup;
			children = (
				B9052407215BFED00047AAF6 /* Main.storyboard */,
				B9052444215CFEBC0047AAF6 /* MainViewController.swift */,
				B905244E215D077A0047AAF6 /* ItemCell.swift */,
			);
			path = Views;
			sourceTree = "<group>";
		};
		B905242B215C025C0047AAF6 /* Helpers */ = {
			isa = PBXGroup;
			children = (
				B9052433215C0B430047AAF6 /* InternetDataProvider.swift */,
				B905242E215C029D0047AAF6 /* Constants.swift */,
				B9052450215D0B520047AAF6 /* UIImageHelper.swift */,
			);
			path = Helpers;
			sourceTree = "<group>";
		};
/* End PBXGroup section */

/* Begin PBXNativeTarget section */
		B90523FF215BFED00047AAF6 /* FlickrExample */ = {
			isa = PBXNativeTarget;
			buildConfigurationList = B905241D215BFED20047AAF6 /* Build configuration list for PBXNativeTarget "FlickrExample" */;
			buildPhases = (
				B90523FC215BFED00047AAF6 /* Sources */,
				B90523FD215BFED00047AAF6 /* Frameworks */,
				B90523FE215BFED00047AAF6 /* Resources */,
			);
			buildRules = (
			);
			dependencies = (
			);
			name = FlickrExample;
			productName = FlickrExample;
			productReference = B9052400215BFED00047AAF6 /* FlickrExample.app */;
			productType = "com.apple.product-type.application";
		};
		B9052413215BFED20047AAF6 /* FlickrExampleTests */ = {
			isa = PBXNativeTarget;
			buildConfigurationList = B9052420215BFED20047AAF6 /* Build configuration list for PBXNativeTarget "FlickrExampleTests" */;
			buildPhases = (
				B9052410215BFED20047AAF6 /* Sources */,
				B9052411215BFED20047AAF6 /* Frameworks */,
				B9052412215BFED20047AAF6 /* Resources */,
			);
			buildRules = (
			);
			dependencies = (
				B9052416215BFED20047AAF6 /* PBXTargetDependency */,
			);
			name = FlickrExampleTests;
			productName = FlickrExampleTests;
			productReference = B9052414215BFED20047AAF6 /* FlickrExampleTests.xctest */;
			productType = "com.apple.product-type.bundle.unit-test";
		};
/* End PBXNativeTarget section */

/* Begin PBXProject section */
		B90523F8215BFED00047AAF6 /* Project object */ = {
			isa = PBXProject;
			attributes = {
				LastSwiftUpdateCheck = 1000;
				LastUpgradeCheck = 1000;
				ORGANIZATIONNAME = "Alper KARATAS";
				TargetAttributes = {
					B90523FF215BFED00047AAF6 = {
						CreatedOnToolsVersion = 10.0;
					};
					B9052413215BFED20047AAF6 = {
						CreatedOnToolsVersion = 10.0;
						TestTargetID = B90523FF215BFED00047AAF6;
					};
				};
			};
			buildConfigurationList = B90523FB215BFED00047AAF6 /* Build configuration list for PBXProject "FlickrExample" */;
			compatibilityVersion = "Xcode 9.3";
			developmentRegion = en;
			hasScannedForEncodings = 0;
			knownRegions = (
				en,
				Base,
			);
			mainGroup = B90523F7215BFED00047AAF6;
			productRefGroup = B9052401215BFED00047AAF6 /* Products */;
			projectDirPath = "";
			projectRoot = "";
			targets = (
				B90523FF215BFED00047AAF6 /* FlickrExample */,
				B9052413215BFED20047AAF6 /* FlickrExampleTests */,
			);
		};
/* End PBXProject section */

/* Begin PBXResourcesBuildPhase section */
		B90523FE215BFED00047AAF6 /* Resources */ = {
			isa = PBXResourcesBuildPhase;
			buildActionMask = 2147483647;
			files = (
				B905240E215BFED10047AAF6 /* LaunchScreen.storyboard in Resources */,
				B905245C215D184F0047AAF6 /* MockData.json in Resources */,
				B905240B215BFED10047AAF6 /* Assets.xcassets in Resources */,
				B9052409215BFED00047AAF6 /* Main.storyboard in Resources */,
			);
			runOnlyForDeploymentPostprocessing = 0;
		};
		B9052412215BFED20047AAF6 /* Resources */ = {
			isa = PBXResourcesBuildPhase;
			buildActionMask = 2147483647;
			files = (
				B9052457215D14F10047AAF6 /* MockData.json in Resources */,
			);
			runOnlyForDeploymentPostprocessing = 0;
		};
/* End PBXResourcesBuildPhase section */

/* Begin PBXSourcesBuildPhase section */
		B90523FC215BFED00047AAF6 /* Sources */ = {
			isa = PBXSourcesBuildPhase;
			buildActionMask = 2147483647;
			files = (
				B9052445215CFEBC0047AAF6 /* MainViewController.swift in Sources */,
				B905242F215C029D0047AAF6 /* Constants.swift in Sources */,
				B9052449215CFEF00047AAF6 /* Item.swift in Sources */,
				B9052451215D0B520047AAF6 /* UIImageHelper.swift in Sources */,
				B905244F215D077A0047AAF6 /* ItemCell.swift in Sources */,
				B905242A215C01BB0047AAF6 /* DataProvider.swift in Sources */,
				B9052438215C121F0047AAF6 /* URLChangeable.swift in Sources */,
				B9052404215BFED00047AAF6 /* AppDelegate.swift in Sources */,
				B9052434215C0B430047AAF6 /* InternetDataProvider.swift in Sources */,
				B905243E215CD10E0047AAF6 /* FlickrFeed.swift in Sources */,
				B9052447215CFEC90047AAF6 /* MainViewModel.swift in Sources */,
			);
			runOnlyForDeploymentPostprocessing = 0;
		};
		B9052410215BFED20047AAF6 /* Sources */ = {
			isa = PBXSourcesBuildPhase;
			buildActionMask = 2147483647;
			files = (
				B9052424215C00550047AAF6 /* FlickrDataProviderTests.swift in Sources */,
				B905243C215C2FEE0047AAF6 /* URLChangeableTests.swift in Sources */,
				B9052432215C065F0047AAF6 /* DataProvider.swift in Sources */,
				B905243A215C29C80047AAF6 /* URLChangeable.swift in Sources */,
				B9052443215CD9740047AAF6 /* FlickrFeed.swift in Sources */,
				B905245A215D15E90047AAF6 /* MainViewModel.swift in Sources */,
				B905245B215D16F00047AAF6 /* Item.swift in Sources */,
				B9052442215CD7D10047AAF6 /* FlickrFeedJsonDecodeTests.swift in Sources */,
				B9052459215D15C10047AAF6 /* MainViewModelTests.swift in Sources */,
				B9052431215C065C0047AAF6 /* Constants.swift in Sources */,
				B9052435215C0DD30047AAF6 /* InternetDataProvider.swift in Sources */,
			);
			runOnlyForDeploymentPostprocessing = 0;
		};
/* End PBXSourcesBuildPhase section */

/* Begin PBXTargetDependency section */
		B9052416215BFED20047AAF6 /* PBXTargetDependency */ = {
			isa = PBXTargetDependency;
			target = B90523FF215BFED00047AAF6 /* FlickrExample */;
			targetProxy = B9052415215BFED20047AAF6 /* PBXContainerItemProxy */;
		};
/* End PBXTargetDependency section */

/* Begin PBXVariantGroup section */
		B9052407215BFED00047AAF6 /* Main.storyboard */ = {
			isa = PBXVariantGroup;
			children = (
				B9052408215BFED00047AAF6 /* Base */,
			);
			name = Main.storyboard;
			sourceTree = "<group>";
		};
		B905240C215BFED10047AAF6 /* LaunchScreen.storyboard */ = {
			isa = PBXVariantGroup;
			children = (
				B905240D215BFED10047AAF6 /* Base */,
			);
			name = LaunchScreen.storyboard;
			sourceTree = "<group>";
		};
/* End PBXVariantGroup section */

/* Begin XCBuildConfiguration section */
		B905241B215BFED20047AAF6 /* Debug */ = {
			isa = XCBuildConfiguration;
			buildSettings = {
				ALWAYS_SEARCH_USER_PATHS = NO;
				CLANG_ANALYZER_NONNULL = YES;
				CLANG_ANALYZER_NUMBER_OBJECT_CONVERSION = YES_AGGRESSIVE;
				CLANG_CXX_LANGUAGE_STANDARD = "gnu++14";
				CLANG_CXX_LIBRARY = "libc++";
				CLANG_ENABLE_MODULES = YES;
				CLANG_ENABLE_OBJC_ARC = YES;
				CLANG_ENABLE_OBJC_WEAK = YES;
				CLANG_WARN_BLOCK_CAPTURE_AUTORELEASING = YES;
				CLANG_WARN_BOOL_CONVERSION = YES;
				CLANG_WARN_COMMA = YES;
				CLANG_WARN_CONSTANT_CONVERSION = YES;
				CLANG_WARN_DEPRECATED_OBJC_IMPLEMENTATIONS = YES;
				CLANG_WARN_DIRECT_OBJC_ISA_USAGE = YES_ERROR;
				CLANG_WARN_DOCUMENTATION_COMMENTS = YES;
				CLANG_WARN_EMPTY_BODY = YES;
				CLANG_WARN_ENUM_CONVERSION = YES;
				CLANG_WARN_INFINITE_RECURSION = YES;
				CLANG_WARN_INT_CONVERSION = YES;
				CLANG_WARN_NON_LITERAL_NULL_CONVERSION = YES;
				CLANG_WARN_OBJC_IMPLICIT_RETAIN_SELF = YES;
				CLANG_WARN_OBJC_LITERAL_CONVERSION = YES;
				CLANG_WARN_OBJC_ROOT_CLASS = YES_ERROR;
				CLANG_WARN_RANGE_LOOP_ANALYSIS = YES;
				CLANG_WARN_STRICT_PROTOTYPES = YES;
				CLANG_WARN_SUSPICIOUS_MOVE = YES;
				CLANG_WARN_UNGUARDED_AVAILABILITY = YES_AGGRESSIVE;
				CLANG_WARN_UNREACHABLE_CODE = YES;
				CLANG_WARN__DUPLICATE_METHOD_MATCH = YES;
				CODE_SIGN_IDENTITY = "iPhone Developer";
				COPY_PHASE_STRIP = NO;
				DEBUG_INFORMATION_FORMAT = dwarf;
				ENABLE_STRICT_OBJC_MSGSEND = YES;
				ENABLE_TESTABILITY = YES;
				GCC_C_LANGUAGE_STANDARD = gnu11;
				GCC_DYNAMIC_NO_PIC = NO;
				GCC_NO_COMMON_BLOCKS = YES;
				GCC_OPTIMIZATION_LEVEL = 0;
				GCC_PREPROCESSOR_DEFINITIONS = (
					"DEBUG=1",
					"$(inherited)",
				);
				GCC_WARN_64_TO_32_BIT_CONVERSION = YES;
				GCC_WARN_ABOUT_RETURN_TYPE = YES_ERROR;
				GCC_WARN_UNDECLARED_SELECTOR = YES;
				GCC_WARN_UNINITIALIZED_AUTOS = YES_AGGRESSIVE;
				GCC_WARN_UNUSED_FUNCTION = YES;
				GCC_WARN_UNUSED_VARIABLE = YES;
				IPHONEOS_DEPLOYMENT_TARGET = 12.0;
				MTL_ENABLE_DEBUG_INFO = INCLUDE_SOURCE;
				MTL_FAST_MATH = YES;
				ONLY_ACTIVE_ARCH = YES;
				SDKROOT = iphoneos;
				SWIFT_ACTIVE_COMPILATION_CONDITIONS = DEBUG;
				SWIFT_OPTIMIZATION_LEVEL = "-Onone";
			};
			name = Debug;
		};
		B905241C215BFED20047AAF6 /* Release */ = {
			isa = XCBuildConfiguration;
			buildSettings = {
				ALWAYS_SEARCH_USER_PATHS = NO;
				CLANG_ANALYZER_NONNULL = YES;
				CLANG_ANALYZER_NUMBER_OBJECT_CONVERSION = YES_AGGRESSIVE;
				CLANG_CXX_LANGUAGE_STANDARD = "gnu++14";
				CLANG_CXX_LIBRARY = "libc++";
				CLANG_ENABLE_MODULES = YES;
				CLANG_ENABLE_OBJC_ARC = YES;
				CLANG_ENABLE_OBJC_WEAK = YES;
				CLANG_WARN_BLOCK_CAPTURE_AUTORELEASING = YES;
				CLANG_WARN_BOOL_CONVERSION = YES;
				CLANG_WARN_COMMA = YES;
				CLANG_WARN_CONSTANT_CONVERSION = YES;
				CLANG_WARN_DEPRECATED_OBJC_IMPLEMENTATIONS = YES;
				CLANG_WARN_DIRECT_OBJC_ISA_USAGE = YES_ERROR;
				CLANG_WARN_DOCUMENTATION_COMMENTS = YES;
				CLANG_WARN_EMPTY_BODY = YES;
				CLANG_WARN_ENUM_CONVERSION = YES;
				CLANG_WARN_INFINITE_RECURSION = YES;
				CLANG_WARN_INT_CONVERSION = YES;
				CLANG_WARN_NON_LITERAL_NULL_CONVERSION = YES;
				CLANG_WARN_OBJC_IMPLICIT_RETAIN_SELF = YES;
				CLANG_WARN_OBJC_LITERAL_CONVERSION = YES;
				CLANG_WARN_OBJC_ROOT_CLASS = YES_ERROR;
				CLANG_WARN_RANGE_LOOP_ANALYSIS = YES;
				CLANG_WARN_STRICT_PROTOTYPES = YES;
				CLANG_WARN_SUSPICIOUS_MOVE = YES;
				CLANG_WARN_UNGUARDED_AVAILABILITY = YES_AGGRESSIVE;
				CLANG_WARN_UNREACHABLE_CODE = YES;
				CLANG_WARN__DUPLICATE_METHOD_MATCH = YES;
				CODE_SIGN_IDENTITY = "iPhone Developer";
				COPY_PHASE_STRIP = NO;
				DEBUG_INFORMATION_FORMAT = "dwarf-with-dsym";
				ENABLE_NS_ASSERTIONS = NO;
				ENABLE_STRICT_OBJC_MSGSEND = YES;
				GCC_C_LANGUAGE_STANDARD = gnu11;
				GCC_NO_COMMON_BLOCKS = YES;
				GCC_WARN_64_TO_32_BIT_CONVERSION = YES;
				GCC_WARN_ABOUT_RETURN_TYPE = YES_ERROR;
				GCC_WARN_UNDECLARED_SELECTOR = YES;
				GCC_WARN_UNINITIALIZED_AUTOS = YES_AGGRESSIVE;
				GCC_WARN_UNUSED_FUNCTION = YES;
				GCC_WARN_UNUSED_VARIABLE = YES;
				IPHONEOS_DEPLOYMENT_TARGET = 12.0;
				MTL_ENABLE_DEBUG_INFO = NO;
				MTL_FAST_MATH = YES;
				SDKROOT = iphoneos;
				SWIFT_COMPILATION_MODE = wholemodule;
				SWIFT_OPTIMIZATION_LEVEL = "-O";
				VALIDATE_PRODUCT = YES;
			};
			name = Release;
		};
		B905241E215BFED20047AAF6 /* Debug */ = {
			isa = XCBuildConfiguration;
			buildSettings = {
				ASSETCATALOG_COMPILER_APPICON_NAME = AppIcon;
				CODE_SIGN_IDENTITY = "iPhone Developer";
				CODE_SIGN_STYLE = Automatic;
				DEVELOPMENT_TEAM = "";
				INFOPLIST_FILE = FlickrExample/Info.plist;
				LD_RUNPATH_SEARCH_PATHS = (
					"$(inherited)",
					"@executable_path/Frameworks",
				);
				PRODUCT_BUNDLE_IDENTIFIER = com.appncode.FlickrExample;
				PRODUCT_NAME = "$(TARGET_NAME)";
				PROVISIONING_PROFILE_SPECIFIER = "";
				SWIFT_VERSION = 4.2;
				TARGETED_DEVICE_FAMILY = "1,2";
			};
			name = Debug;
		};
		B905241F215BFED20047AAF6 /* Release */ = {
			isa = XCBuildConfiguration;
			buildSettings = {
				ASSETCATALOG_COMPILER_APPICON_NAME = AppIcon;
				CODE_SIGN_IDENTITY = "iPhone Developer";
				CODE_SIGN_STYLE = Automatic;
				DEVELOPMENT_TEAM = "";
				INFOPLIST_FILE = FlickrExample/Info.plist;
				LD_RUNPATH_SEARCH_PATHS = (
					"$(inherited)",
					"@executable_path/Frameworks",
				);
				PRODUCT_BUNDLE_IDENTIFIER = com.appncode.FlickrExample;
				PRODUCT_NAME = "$(TARGET_NAME)";
				PROVISIONING_PROFILE_SPECIFIER = "";
				SWIFT_VERSION = 4.2;
				TARGETED_DEVICE_FAMILY = "1,2";
			};
			name = Release;
		};
		B9052421215BFED20047AAF6 /* Debug */ = {
			isa = XCBuildConfiguration;
			buildSettings = {
				ALWAYS_EMBED_SWIFT_STANDARD_LIBRARIES = YES;
				BUNDLE_LOADER = "$(TEST_HOST)";
				CODE_SIGN_STYLE = Automatic;
				INFOPLIST_FILE = FlickrExampleTests/Info.plist;
				LD_RUNPATH_SEARCH_PATHS = (
					"$(inherited)",
					"@executable_path/Frameworks",
					"@loader_path/Frameworks",
				);
				PRODUCT_BUNDLE_IDENTIFIER = com.appncode.FlickrExampleTests;
				PRODUCT_NAME = "$(TARGET_NAME)";
				SWIFT_VERSION = 4.2;
				TARGETED_DEVICE_FAMILY = "1,2";
				TEST_HOST = "$(BUILT_PRODUCTS_DIR)/FlickrExample.app/FlickrExample";
			};
			name = Debug;
		};
		B9052422215BFED20047AAF6 /* Release */ = {
			isa = XCBuildConfiguration;
			buildSettings = {
				ALWAYS_EMBED_SWIFT_STANDARD_LIBRARIES = YES;
				BUNDLE_LOADER = "$(TEST_HOST)";
				CODE_SIGN_STYLE = Automatic;
				INFOPLIST_FILE = FlickrExampleTests/Info.plist;
				LD_RUNPATH_SEARCH_PATHS = (
					"$(inherited)",
					"@executable_path/Frameworks",
					"@loader_path/Frameworks",
				);
				PRODUCT_BUNDLE_IDENTIFIER = com.appncode.FlickrExampleTests;
				PRODUCT_NAME = "$(TARGET_NAME)";
				SWIFT_VERSION = 4.2;
				TARGETED_DEVICE_FAMILY = "1,2";
				TEST_HOST = "$(BUILT_PRODUCTS_DIR)/FlickrExample.app/FlickrExample";
			};
			name = Release;
		};
/* End XCBuildConfiguration section */

/* Begin XCConfigurationList section */
		B90523FB215BFED00047AAF6 /* Build configuration list for PBXProject "FlickrExample" */ = {
			isa = XCConfigurationList;
			buildConfigurations = (
				B905241B215BFED20047AAF6 /* Debug */,
				B905241C215BFED20047AAF6 /* Release */,
			);
			defaultConfigurationIsVisible = 0;
			defaultConfigurationName = Release;
		};
		B905241D215BFED20047AAF6 /* Build configuration list for PBXNativeTarget "FlickrExample" */ = {
			isa = XCConfigurationList;
			buildConfigurations = (
				B905241E215BFED20047AAF6 /* Debug */,
				B905241F215BFED20047AAF6 /* Release */,
			);
			defaultConfigurationIsVisible = 0;
			defaultConfigurationName = Release;
		};
		B9052420215BFED20047AAF6 /* Build configuration list for PBXNativeTarget "FlickrExampleTests" */ = {
			isa = XCConfigurationList;
			buildConfigurations = (
				B9052421215BFED20047AAF6 /* Debug */,
				B9052422215BFED20047AAF6 /* Release */,
			);
			defaultConfigurationIsVisible = 0;
			defaultConfigurationName = Release;
		};
/* End XCConfigurationList section */
	};
	rootObject = B90523F8215BFED00047AAF6 /* Project object */;
}
